
Microsoft Visual Studio Solution File, Format Version 12.00
# Visual Studio Version 16
VisualStudioVersion = 16.0.31624.102
MinimumVisualStudioVersion = 10.0.40219.1
Project("{FAE04EC0-301F-11D3-BF4B-00C04F79EFBC}") = "Thema2_Streams", "Thema2_Strreams\Thema2_Streams.csproj", "{F50ED4F4-FA62-4558-9734-629E096FF062}"
EndProject
Global
	GlobalSection(SolutionConfigurationPlatforms) = preSolution
		Debug|Any CPU = Debug|Any CPU
		Release|Any CPU = Release|Any CPU
	EndGlobalSection
	GlobalSection(ProjectConfigurationPlatforms) = postSolution
		{F50ED4F4-FA62-4558-9734-629E096FF062}.Debug|Any CPU.ActiveCfg = Debug|Any CPU
		{F50ED4F4-FA62-4558-9734-629E096FF062}.Debug|Any CPU.Build.0 = Debug|Any CPU
		{F50ED4F4-FA62-4558-9734-629E096FF062}.Release|Any CPU.ActiveCfg = Release|Any CPU
		{F50ED4F4-FA62-4558-9734-629E096FF062}.Release|Any CPU.Build.0 = Release|Any CPU
	EndGlobalSection
	GlobalSection(SolutionProperties) = preSolution
		HideSolutionNode = FALSE
	EndGlobalSection
	GlobalSection(ExtensibilityGlobals) = postSolution
		SolutionGuid = {BAF74E1E-21ED-41A4-958B-C9516D5F39BE}
	EndGlobalSection
EndGlobal
